
Microsoft Visual Studio Solution File, Format Version 12.00
# Visual Studio Version 16
VisualStudioVersion = 16.0.29519.87
MinimumVisualStudioVersion = 10.0.40219.1
Project("{FAE04EC0-301F-11D3-BF4B-00C04F79EFBC}") = "API_Volt", "API_Volt.csproj", "{2F8415AE-159F-4DF3-882A-221783133F32}"
EndProject
Global
	GlobalSection(SolutionConfigurationPlatforms) = preSolution
		Debug|Any CPU = Debug|Any CPU
		Release|Any CPU = Release|Any CPU
	EndGlobalSection
	GlobalSection(ProjectConfigurationPlatforms) = postSolution
		{2F8415AE-159F-4DF3-882A-221783133F32}.Debug|Any CPU.ActiveCfg = Debug|Any CPU
		{2F8415AE-159F-4DF3-882A-221783133F32}.Debug|Any CPU.Build.0 = Debug|Any CPU
		{2F8415AE-159F-4DF3-882A-221783133F32}.Release|Any CPU.ActiveCfg = Release|Any CPU
		{2F8415AE-159F-4DF3-882A-221783133F32}.Release|Any CPU.Build.0 = Release|Any CPU
	EndGlobalSection
	GlobalSection(SolutionProperties) = preSolution
		HideSolutionNode = FALSE
	EndGlobalSection
	GlobalSection(ExtensibilityGlobals) = postSolution
		SolutionGuid = {839D94BA-7301-4D76-B42B-B22122EB3C34}
	EndGlobalSection
EndGlobal
